{
  "name": "site-do-hazelink",
  "version": "0.0.0",
  "lockfileVersion": 3,
  "requires": true,
  "packages": {
    "": {
      "name": "site-do-hazelink",
      "version": "0.0.0",
      "dependencies": {
        "@hookform/resolvers": "^5.6.0",
        "@tailwindcss/vite": "^4.3.3",
        "framer-motion": "^12.43.0",
        "lucide-react": "^1.28.0",
        "react": "^19.2.8",
        "react-dom": "^19.2.8",
        "react-hook-form": "^7.84.0",
        "react-router-dom": "^7.18.2",
        "tailwindcss": "^4.3.3",
        "zod": "^4.4.3"
      },
      "devDependencies": {
        "@types/node": "^24.13.3",
        "@types/react": "^19.2.17",
        "@types/react-dom": "^19.2.3",
        "@vitejs/plugin-react": "^6.0.4",
        "oxlint": "^1.75.0",
        "typescript": "~6.0.2",
        "vite": "^8.2.0"
      }
    },
    "node_modules/@emnapi/core": {
      "version": "2.0.0-alpha.3",
      "resolved": "https://registry.npmjs.org/@emnapi/core/-/core-2.0.0-alpha.3.tgz",
      "integrity": "sha512-AZypUeJ/yByuxyS7BlSNRDOMLMlROYtjYdIAuBmJssVz1UJDSeYxLrdizhXCFYhedC5bqd/ASy8EuNXbVVXp9g==",
      "license": "MIT",
      "optional": true,
      "dependencies": {
        "@emnapi/wasi-threads": "2.0.1",
        "tslib": "^2.4.0"
      }
    },
    "node_modules/@emnapi/runtime": {
      "version": "2.0.0-alpha.3",
      "resolved": "https://registry.npmjs.org/@emnapi/runtime/-/runtime-2.0.0-alpha.3.tgz",
      "integrity": "sha512-hFPAhMUjJD9BSyCANEISPOogeXC9Zo9ZQl7L6vKnaVsMkCtzznaW/naYypeyl0Gv5rYfWYsZbpixTMpjDJzQeA==",
      "license": "MIT",
      "optional": true,
      "dependencies": {
        "tslib": "^2.4.0"
      }
    },
    "node_modules/@emnapi/wasi-threads": {
      "version": "2.0.1",
      "resolved": "https://registry.npmjs.org/@emnapi/wasi-threads/-/wasi-threads-2.0.1.tgz",
      "integrity": "sha512-9DsSk+o5NBX0CCJT8s0EROGSGxjR/tKu6aBTaVyq+SjAEQH4XcdcRxPBRzsBLizTTJ49MJjF+jgu3qnO9GLQcQ==",
      "license": "MIT",
      "optional": true,
      "dependencies": {
        "tslib": "^2.4.0"
      }
    },
    "node_modules/@hookform/resolvers": {
      "version": "5.6.0",
      "resolved": "https://registry.npmjs.org/@hookform/resolvers/-/resolvers-5.6.0.tgz",
      "integrity": "sha512-qtgE4NUK/WQFPq8aDe+GOhr0/UiUSKT0m9ta9SMnDS5ZE63yC850ShAGz1lxtwO+dBjhUKvUxmHwkp4eN7/kBQ==",
      "license": "MIT",
      "dependencies": {
        "@standard-schema/utils": "^0.3.0"
      },
      "peerDependencies": {
        "@sinclair/typebox": ">=0.25.24",
        "@standard-schema/spec": "^1.0.0",
        "@typeschema/main": ">=0.13.7",
        "@vinejs/vine": "^2.0.0 || ^3.0.0",
        "ajv": "^8.12.0",
        "ajv-errors": "^3.0.0",
        "ajv-formats": "^2.1.1",
        "arktype": "^2.0.0",
        "ata-validator": "^0.7.0",
        "class-transformer": ">=0.4.0",
        "class-validator": ">=0.12.0",
        "computed-types": "^1.0.0",
        "effect": "^3.10.3",
        "fluentvalidation-ts": "^3.0.0",
        "fp-ts": "^2.7.0",
        "io-ts": "^2.0.0",
        "joi": "^17.0.0",
        "nope-validator": ">=0.12.0",
        "react-hook-form": "^7.55.0",
        "superstruct": ">=0.12.0",
        "typanion": "^3.3.2",
        "valibot": ">=0.31.0 || ^1.0.0-beta.4 || ^1.0.0-rc",
        "vest": ">=3.0.0",
        "yup": "^1.0.0",
        "zod": "^3.25.0 || ^4.0.0"
      },
      "peerDependenciesMeta": {
        "@sinclair/typebox": {
          "optional": true
        },
        "@standard-schema/spec": {
          "optional": true
        },
        "@typeschema/main": {
          "optional": true
        },
        "@vinejs/vine": {
          "optional": true
        },
        "ajv": {
          "optional": true
        },
        "ajv-errors": {
          "optional": true
        },
        "ajv-formats": {
          "optional": true
        },
        "arktype": {
          "optional": true
        },
        "ata-validator": {
          "optional": true
        },
        "class-transformer": {
          "optional": true
        },
        "class-validator": {
          "optional": true
        },
        "computed-types": {
          "optional": true
        },
        "effect": {
          "optional": true
        },
        "fluentvalidation-ts": {
          "optional": true
        },
        "fp-ts": {
          "optional": true
        },
        "io-ts": {
          "optional": true
        },
        "joi": {
          "optional": true
        },
        "nope-validator": {
          "optional": true
        },
        "superstruct": {
          "optional": true
        },
        "typanion": {
          "optional": true
        },
        "valibot": {
          "optional": true
        },
        "vest": {
          "optional": true
        },
        "yup": {
          "optional": true
        },
        "zod": {
          "optional": true
        }
      }
    },
    "node_modules/@jridgewell/gen-mapping": {
      "version": "0.3.13",
      "resolved": "https://registry.npmjs.org/@jridgewell/gen-mapping/-/gen-mapping-0.3.13.tgz",
      "integrity": "sha512-2kkt/7niJ6MgEPxF0bYdQ6etZaA+fQvDcLKckhy1yIQOzaoKjBBjSj63/aLVjYE3qhRt5dvM+uUyfCg6UKCBbA==",
      "license": "MIT",
      "dependencies": {
        "@jridgewell/sourcemap-codec": "^1.5.0",
        "@jridgewell/trace-mapping": "^0.3.24"
      }
    },
    "node_modules/@jridgewell/remapping": {
      "version": "2.3.5",
      "resolved": "https://registry.npmjs.org/@jridgewell/remapping/-/remapping-2.3.5.tgz",
      "integrity": "sha512-LI9u/+laYG4Ds1TDKSJW2YPrIlcVYOwi2fUC6xB43lueCjgxV4lffOCZCtYFiH6TNOX+tQKXx97T4IKHbhyHEQ==",
      "license": "MIT",
      "dependencies": {
        "@jridgewell/gen-mapping": "^0.3.5",
        "@jridgewell/trace-mapping": "^0.3.24"
      }
    },
    "node_modules/@jridgewell/resolve-uri": {
      "version": "3.1.2",
      "resolved": "https://registry.npmjs.org/@jridgewell/resolve-uri/-/resolve-uri-3.1.2.tgz",
      "integrity": "sha512-bRISgCIjP20/tbWSPWMEi54QVPRZExkuD9lJL+UIxUKtwVJA8wW1Trb1jMs1RFXo1CBTNZ/5hpC9QvmKWdopKw==",
      "license": "MIT",
      "engines": {
        "node": ">=6.0.0"
      }
    },
    "node_modules/@jridgewell/sourcemap-codec": {
      "version": "1.5.5",
      "resolved": "https://registry.npmjs.org/@jridgewell/sourcemap-codec/-/sourcemap-codec-1.5.5.tgz",
      "integrity": "sha512-cYQ9310grqxueWbl+WuIUIaiUaDcj7WOq5fVhEljNVgRfOUhY9fy2zTvfoqWsnebh8Sl70VScFbICvJnLKB0Og==",
      "license": "MIT"
    },
    "node_modules/@jridgewell/trace-mapping": {
      "version": "0.3.31",
      "resolved": "https://registry.npmjs.org/@jridgewell/trace-mapping/-/trace-mapping-0.3.31.tgz",
      "integrity": "sha512-zzNR+SdQSDJzc8joaeP8QQoCQr8NuYx2dIIytl1QeBEZHJ9uW6hebsrYgbz8hJwUQao3TWCMtmfV8Nu1twOLAw==",
      "license": "MIT",
      "dependencies": {
        "@jridgewell/resolve-uri": "^3.1.0",
        "@jridgewell/sourcemap-codec": "^1.4.14"
      }
    },
    "node_modules/@napi-rs/wasm-runtime": {
      "version": "1.2.2",
      "resolved": "https://registry.npmjs.org/@napi-rs/wasm-runtime/-/wasm-runtime-1.2.2.tgz",
      "integrity": "sha512-JfB4kuJQjaoHuCTseIINHtHWeJnvgEcxjwA5t/Y00ZgaOO1Crz3fjT/p8kT28zA/Caz7oiUMn3d6H2yOVCVwuw==",
      "license": "MIT",
      "optional": true,
      "dependencies": {
        "@tybys/wasm-util": "^0.10.3"
      },
      "engines": {
        "node": "^20.19.0 || ^22.13.0 || >=23.5.0"
      },
      "funding": {
        "type": "github",
        "url": "https://github.com/sponsors/Brooooooklyn"
      },
      "peerDependencies": {
        "@emnapi/core": "^1.7.1 || ^2.0.0-alpha.3",
        "@emnapi/runtime": "^1.7.1 || ^2.0.0-alpha.3"
      }
    },
    "node_modules/@oxc-project/types": {
      "version": "0.142.0",
      "resolved": "https://registry.npmjs.org/@oxc-project/types/-/types-0.142.0.tgz",
      "integrity": "sha512-7W+2q5AKQVU36fkaryontrHn3YDt1RyUYXatw9i5H8ocYe2sPKSFB6eS8WNPeRKiN1qAWWZUPm7gwFzJGrccqQ==",
      "license": "MIT",
      "funding": {
        "url": "https://github.com/sponsors/Boshen"
      }
    },
    "node_modules/@oxlint/binding-android-arm-eabi": {
      "version": "1.76.0",
      "resolved": "https://registry.npmjs.org/@oxlint/binding-android-arm-eabi/-/binding-android-arm-eabi-1.76.0.tgz",
      "integrity": "sha512-ZHIE5Zt9AsPDcY4nOlofXt0YfneEeo+QrKMPcPzLf2Z6Q8VtV2W73d7SFJ920WUwyik783u/doKCs3KXdwG+7w==",
      "cpu": [
        "arm"
      ],
      "dev": true,
      "license": "MIT",
      "optional": true,
      "os": [
        "android"
      ],
      "engines": {
        "node": "^20.19.0 || >=22.12.0"
      }
    },
    "node_modules/@oxlint/binding-android-arm64": {
      "version": "1.76.0",
      "resolved": "https://registry.npmjs.org/@oxlint/binding-android-arm64/-/binding-android-arm64-1.76.0.tgz",
      "integrity": "sha512-shm/ngQilHK6bs+ElJWa4oHfNj5vL1Gl/iVEJldTQjpr0/67oSgr0KUpbmcnLig5Fo0v/l6j2567A7TOL89ONA==",
      "cpu": [
        "arm64"
      ],
      "dev": true,
      "license": "MIT",
      "optional": true,
      "os": [
        "android"
      ],
      "engines": {
        "node": "^20.19.0 || >=22.12.0"
      }
    },
    "node_modules/@oxlint/binding-darwin-arm64": {
      "version": "1.76.0",
      "resolved": "https://registry.npmjs.org/@oxlint/binding-darwin-arm64/-/binding-darwin-arm64-1.76.0.tgz",
      "integrity": "sha512-rvJmrAPKSQ9aWJ6wIS6CK2tJjwzfW0ApQH9qokq6sfDvmHwoyIHxHFMq7z7i7GiV6fdE6s8qvBqWKPTu8RmT6Q==",
      "cpu": [
        "arm64"
      ],
      "dev": true,
      "license": "MIT",
      "optional": true,
      "os": [
        "darwin"
      ],
      "engines": {
        "node": "^20.19.0 || >=22.12.0"
      }
    },
    "node_modules/@oxlint/binding-darwin-x64": {
      "version": "1.76.0",
      "resolved": "https://registry.npmjs.org/@oxlint/binding-darwin-x64/-/binding-darwin-x64-1.76.0.tgz",
      "integrity": "sha512-U/zYdb7VYKGY6pA9Vd2rYl9O/HlCylcOlb5PGPvVLtg+oLGsk6H3XGKEMHKyqD3nmmtmlmwb/8SwU2vfSAtvMw==",
      "cpu": [
        "x64"
      ],
      "dev": true,
      "license": "MIT",
      "optional": true,
      "os": [
        "darwin"
      ],
      "engines": {
        "node": "^20.19.0 || >=22.12.0"
      }
    },
    "node_modules/@oxlint/binding-freebsd-x64": {
      "version": "1.76.0",
      "resolved": "https://registry.npmjs.org/@oxlint/binding-freebsd-x64/-/binding-freebsd-x64-1.76.0.tgz",
      "integrity": "sha512-WvKG9CAriuo0XNiFzpXjDngUZcRGFNpaK2kLyMUsnJlShxkT96u+BpJQ3KqdQwGOrvI14L6V8bAwXwAYNNY6Jg==",
      "cpu": [
        "x64"
      ],
      "dev": true,
      "license": "MIT",
      "optional": true,
      "os": [
        "freebsd"
      ],
      "engines": {
        "node": "^20.19.0 || >=22.12.0"
      }
    },
    "node_modules/@oxlint/binding-linux-arm-gnueabihf": {
      "version": "1.76.0",
      "resolved": "https://registry.npmjs.org/@oxlint/binding-linux-arm-gnueabihf/-/binding-linux-arm-gnueabihf-1.76.0.tgz",
      "integrity": "sha512-qJ5+RH99TqFRq3UCDxkW0zJJu9c+OAHFY72vGlxZLEpuO+MpKo3POgqb8sYipL9KYm8XY6ofb0HsOuvY6hQNqQ==",
      "cpu": [
        "arm"
      ],
      "dev": true,
      "license": "MIT",
      "optional": true,
      "os": [
        "linux"
      ],
      "engines": {
        "node": "^20.19.0 || >=22.12.0"
      }
    },
    "node_modules/@oxlint/binding-linux-arm-musleabihf": {
      "version": "1.76.0",
      "resolved": "https://registry.npmjs.org/@oxlint/binding-linux-arm-musleabihf/-/binding-linux-arm-musleabihf-1.76.0.tgz",
      "integrity": "sha512-PvPCVptkgVARsucgIqFQQcSmJ6xc6GtnVB5bRBekRahTc9eObMtjHfMjy5M+C2tHt5UCMttWM9RuSk/H9NqYeg==",
      "cpu": [
        "arm"
      ],
      "dev": true,
      "license": "MIT",
      "optional": true,
      "os": [
        "linux"
      ],
      "engines": {
        "node": "^20.19.0 || >=22.12.0"
      }
    },
    "node_modules/@oxlint/binding-linux-arm64-gnu": {
      "version": "1.76.0",
      "resolved": "https://registry.npmjs.org/@oxlint/binding-linux-arm64-gnu/-/binding-linux-arm64-gnu-1.76.0.tgz",
      "integrity": "sha512-3KeFDx8Bu4HPAXbuHZOr/oHvN+QT+JQhMw/NYPz7Z071xLSsG27Jfh9PIQVEY7hk1I+jr43ExqRIeJ6VKk2yLw==",
      "cpu": [
        "arm64"
      ],
      "dev": true,
      "libc": [
        "glibc"
      ],
      "license": "MIT",
      "optional": true,
      "os": [
        "linux"
      ],
      "engines": {
        "node": "^20.19.0 || >=22.12.0"
      }
    },
    "node_modules/@oxlint/binding-linux-arm64-musl": {
      "version": "1.76.0",
      "resolved": "https://registry.npmjs.org/@oxlint/binding-linux-arm64-musl/-/binding-linux-arm64-musl-1.76.0.tgz",
      "integrity": "sha512-oPFkkKTgl0K/EIg9fQ8oA3IGcI05/Mq1en04iFa41mmNPT+6KEiByVazTOZZJiHMBBrbsns1YJ2e1Scqwzesjw==",
      "cpu": [
        "arm64"
      ],
      "dev": true,
      "libc": [
        "musl"
      ],
      "license": "MIT",
      "optional": true,
      "os": [
        "linux"
      ],
      "engines": {
        "node": "^20.19.0 || >=22.12.0"
      }
    },
    "node_modules/@oxlint/binding-linux-ppc64-gnu": {
      "version": "1.76.0",
      "resolved": "https://registry.npmjs.org/@oxlint/binding-linux-ppc64-gnu/-/binding-linux-ppc64-gnu-1.76.0.tgz",
      "integrity": "sha512-gN7yZ0eqflA5Fhf1wvHxGUltIV3FsvmB1zhNMDEK9vSHhc7E6qg9CuPeBgPZab66Tjzq6w6kHAtNEvnTHf4cyw==",
      "cpu": [
        "ppc64"
      ],
      "dev": true,
      "libc": [
        "glibc"
      ],
      "license": "MIT",
      "optional": true,
      "os": [
        "linux"
      ],
      "engines": {
        "node": "^20.19.0 || >=22.12.0"
      }
    },
    "node_modules/@oxlint/binding-linux-riscv64-gnu": {
      "version": "1.76.0",
      "resolved": "https://registry.npmjs.org/@oxlint/binding-linux-riscv64-gnu/-/binding-linux-riscv64-gnu-1.76.0.tgz",
      "integrity": "sha512-S/HqMbn22mQrjtErUxEoS/a55u8kIeXvreIxiJu5G7Le3UecEd6SQZxrDIpuhtgaFnsY/nVra3ytP+pRljDilA==",
      "cpu": [
        "riscv64"
      ],
      "dev": true,
      "libc": [
        "glibc"
      ],
      "license": "MIT",
      "optional": true,
      "os": [
        "linux"
      ],
      "engines": {
        "node": "^20.19.0 || >=22.12.0"
      }
    },
    "node_modules/@oxlint/binding-linux-riscv64-musl": {
      "version": "1.76.0",
      "resolved": "https://registry.npmjs.org/@oxlint/binding-linux-riscv64-musl/-/binding-linux-riscv64-musl-1.76.0.tgz",
      "integrity": "sha512-ZIga3097VJZolGZk6SrIAUokIGfRkxRlhiHDUznZptGBfwrhD7pNfD1rzEzsCwvk/1DX0A1bLz+liuNh5QKIVQ==",
      "cpu": [
        "riscv64"
      ],
      "dev": true,
      "libc": [
        "musl"
      ],
      "license": "MIT",
      "optional": true,
      "os": [
        "linux"
      ],
      "engines": {
        "node": "^20.19.0 || >=22.12.0"
      }
    },
    "node_modules/@oxlint/binding-linux-s390x-gnu": {
      "version": "1.76.0",
      "resolved": "https://registry.npmjs.org/@oxlint/binding-linux-s390x-gnu/-/binding-linux-s390x-gnu-1.76.0.tgz",
      "integrity": "sha512-ZGiiA7pFzMJSyMWYZTVlPgbTsx+Vl8ihLGMIujPwaslUF7kIPPWAbVmAlTc+9lWDV+DCiB8Ikixu+lSHeOIIWQ=×Ž=âÚ$z{-®éÜj× ¢ÒÀ¢&Æ–6Vç6R#¢$ÕÂÓ"ã"À¢&÷F–öæÂ#¢G'VRÀ¢&÷2#¢°¢'v–ã3" ¢ÒÀ¢&Væv–æW2#¢°¢&æöFR#¢#ãÒ"ãã ¢ÒÀ¢&gVæF–ær#¢°¢'G—R#¢&÷Væ6öÆÆV7F—fR"À¢'W&Â#¢&‡GG3¢òö÷Væ6öÆÆV7F—fRæ6öÒ÷&6VÂ ¢Ð¢ÒÀ¢&æöFUöÖöGVÆW2öÇV6–FR×&V7B#¢°¢'fW'6–öâ#¢#ã#‚ã"À¢'&W6öÇfVB#¢&‡GG3¢ò÷&Vv—7G'’æçÖ§2æ÷&röÇV6–FR×&V7BòÒöÇV6–FR×&V7BÓã#‚ãçFw¢"À¢&–çFVw&—G’#¢'6†S"Öd$d¥TÇ4wTDG–F§b³f&ÆV´r÷4$”Ó#•FW'¤Æ¦3–%T´4Vg%63E¥¶##Tµ'£DôÔ¶Cƒv5¥F#VFwrõCd·VefsÓÒ"À¢&Æ–6Vç6R#¢$•42"À¢'VW$FWVæFVæ6–W2#¢°¢'&V7B#¢%ãbãRãÇÂãrããÇÂã‚ããÇÂã’ãã ¢Ð¢ÒÀ¢&æöFUöÖöGVÆW2öÖv–2×7G&–ær#¢°¢'fW'6–öâ#¢#ã3ã#"À¢'&W6öÇfVB#¢&‡GG3¢ò÷&Vv—7G'’æçÖ§2æ÷&röÖv–2×7G&–æròÒöÖv–2×7G&–ærÓã3ã#çFw¢"À¢&–çFVw&—G’#¢'6†S"×fC$cE•W”U„´v4Ä†÷µDW”6§‡VU6T†äg‡—–¤çƒ–s…cGeV†äFW"öÇgfÇÒö$#V%…ãT³"ó6ö–ç”5'—ƒ…C$5ÓÒ"À¢&Æ–6Vç6R#¢$Ô•B"À¢&FWVæFVæ6–W2#¢°¢$§&–FvWvVÆÂ÷6÷W&6VÖÖ6öFV2#¢%ããRãR ¢Ð¢ÒÀ¢&æöFUöÖöGVÆW2öÖ÷F–öâÖFöÒ#¢°¢'fW'6–öâ#¢#"ãC2ã"À¢'&W6öÇfVB#¢&‡GG3¢ò÷&Vv—7G'’æçÖ§2æ÷&röÖ÷F–öâÖFöÒòÒöÖ÷F–öâÖFöÒÓ"ãC2ãçFw¢"À¢&–çFVw&—G’#¢'6†S"Ö¤´ôãFC•3cUVôeV•DÕFu†TV×¦c%ævE&3S¶d§•–ÖÖ4%gs#&3†T×–³†·„ôd†DÃrµu¥“tâóTböÇv”FsÓÒ"À¢&Æ–6Vç6R#¢$Ô•B"À¢&FWVæFVæ6–W2#¢°¢&Ö÷F–öâ×WF–Ç2#¢%ã"ã3’ã ¢Ð¢ÒÀ¢&æöFUöÖöGVÆW2öÖ÷F–öâ×WF–Ç2#¢°¢'fW'6–öâ#¢#"ã3’ã"À¢'&W6öÇfVB#¢&‡GG3¢ò÷&Vv—7G'’æçÖ§2æ÷&röÖ÷F–öâ×WF–Ç2òÒöÖ÷F–öâ×WF–Ç2Ó"ã3’ãçFw¢"À¢&–çFVw&—G’#¢'6†S"Ó†æD¤¦¥GG&¶Õ$c3dfô¥G'—t³–æäfÖåvå4×—†ô5SttF¤ã•%DÔ¤—‡ƒ”FS„W$Ò·g„Ö67"óffóUv6—•ÆäÕÓÒ"À¢&Æ–6Vç6R#¢$Ô•B ¢ÒÀ¢&æöFUöÖöGVÆW2öææö–B#¢°¢'fW'6–öâ#¢#2ã2ãb"À¢'&W6öÇfVB#¢&‡GG3¢ò÷&Vv—7G'’æçÖ§2æ÷&röææö–BòÒöææö–BÓ2ã2ãbçFw¢"À¢&–çFVw&—G’#¢'6†S"Ö'¦ÄµG”ä£r´ÆDt”—w“†–¤g—U—ff…cvU—–´£„7fƒC$VD¦TôFô£fuT¥‡§fV£&FDƒ„÷E…¤äRô¶f%tS…ÓÒ"À¢&gVæF–ær#¢°¢°¢'G—R#¢&v—F‡V""À¢'W&Â#¢&‡GG3¢òöv—F‡V"æ6öÒ÷7öç6÷'2ö’ ¢Ð¢ÒÀ¢&Æ–6Vç6R#¢$Ô•B"À¢&&–â#¢°¢&ææö–B#¢&&–âöææö–Bæ6§2 ¢ÒÀ¢&Væv–æW2#¢°¢&æöFR#¢%ãÇÂã"ÇÂã2ãrÇÂãBÇÂãÓRãã ¢Ð¢ÒÀ¢&æöFUöÖöGVÆW2ö÷†Æ–çB#¢°¢'fW'6–öâ#¢#ãsbã"À¢'&W6öÇfVB#¢&‡GG3¢ò÷&Vv—7G'’æçÖ§2æ÷&rö÷†Æ–çBòÒö÷†Æ–çBÓãsbãçFw¢"À¢&–çFVw&—G’#¢'6†S"Óeôf–ôUSFdæF•W‚ó$VóeE&Cdästƒvæ¦å$7£‡&„#cf5¦ÔÔ„EG6Ó&§fÃ…w'’µ¥EÔ$×–#DÖÆcc$Ö³U‚¶T…4÷sÓÒ"À¢&FWb#¢G'VRÀ¢&Æ–6Vç6R#¢$Ô•B"À¢&&–â#¢°¢&÷†Æ–çB#¢&&–âö÷†Æ–çB ¢ÒÀ¢&Væv–æW2#¢°¢&æöFR#¢%ã#ã’ãÇÂãÓ#"ã"ã ¢ÒÀ¢&gVæF–ær#¢°¢'W&Â#¢&‡GG3¢òöv—F‡V"æ6öÒ÷7öç6÷'2ô&÷6†Vâ ¢ÒÀ¢&÷F–öæÄFWVæFVæ6–W2#¢°¢$÷†Æ–çBö&–æF–ærÖæG&ö–BÖ&ÒÖV&’#¢#ãsbã"À¢$÷†Æ–çBö&–æF–ærÖæG&ö–BÖ&ÓcB#¢#ãsbã"À¢$÷†Æ–çBö&–æF–ærÖF'v–âÖ&ÓcB#¢#ãsbã"À¢$÷†Æ–çBö&–æF–ærÖF'v–â×ƒcB#¢#ãsbã"À¢$÷†Æ–çBö&–æF–ærÖg&VV'6B×ƒcB#¢#ãsbã"À¢$÷†Æ–çBö&–æF–ærÖÆ–çW‚Ö&ÒÖvçVV&–†b#¢#ãsbã"À¢$÷†Æ–çBö&–æF–ærÖÆ–çW‚Ö&ÒÖ×W6ÆV&–†b#¢#ãsbã"À¢$÷†Æ–çBö&–æF–ærÖÆ–çW‚Ö&ÓcBÖvçR#¢#ãsbã"À¢$÷†Æ–çBö&–æF–ærÖÆ–çW‚Ö&ÓcBÖ×W6Â#¢#ãsbã"À¢$÷†Æ–çBö&–æF–ærÖÆ–çW‚×3cBÖvçR#¢#ãsbã"À¢$÷†Æ–çBö&–æF–ærÖÆ–çW‚×&—67ccBÖvçR#¢#ãsbã"À¢$÷†Æ–çBö&–æF–ærÖÆ–çW‚×&—67ccBÖ×W6Â#¢#ãsbã"À¢$÷†Æ–çBö&–æF–ærÖÆ–çW‚×33“‚ÖvçR#¢#ãsbã"À¢$÷†Æ–çBö&–æF–ærÖÆ–çW‚×ƒcBÖvçR#¢#ãsbã"À¢$÷†Æ–çBö&–æF–ærÖÆ–çW‚×ƒcBÖ×W6Â#¢#ãsbã"À¢$÷†Æ–çBö&–æF–ærÖ÷Væ†&Ööç’Ö&ÓcB#¢#ãsbã"À¢$÷†Æ–çBö&–æF–ær×v–ã3"Ö&ÓcBÖ×7f2#¢#ãsbã"À¢$÷†Æ–çBö&–æF–ær×v–ã3"Ö–3"Ö×7f2#¢#ãsbã"À¢$÷†Æ–çBö&–æF–ær×v–ã3"×ƒcBÖ×7f2#¢#ãsbã ¢ÒÀ¢'VW$FWVæFVæ6–W2#¢°¢&÷†Æ–çB×G6vöÆ–çB#¢#ãÓrãã#"À¢'f—FR×ÇW2#¢"¢ ¢ÒÀ¢'VW$FWVæFVæ6–W4ÖWF#¢°¢&÷†Æ–çB×G6vöÆ–çB#¢°¢&÷F–öæÂ#¢G'VP¢ÒÀ¢'f—FR×ÇW2#¢°¢&÷F–öæÂ#¢G'VP¢Ð¢Ð¢ÒÀ¢&æöFUöÖöGVÆW2÷–6ö6öÆ÷'2#¢°¢'fW'6–öâ#¢#ãã"À¢'&W6öÇfVB#¢&‡GG3¢ò÷&Vv—7G'’æçÖ§2æ÷&r÷–6ö6öÆ÷'2òÒ÷–6ö6öÆ÷'2ÓããçFw¢"À¢&–çFVw&—G’#¢'6†S"×†6Tƒ'6æ‡F#TÓ–Æ—G6ÔWsSfÆS3sfÕE¦´U‚ö¤V"õ'„äg–VtçVÃvTç6Ä5…”dF¢ôÆ7Sƒ„´W”Ö6U&çG‡$DUdÓÒ"À¢&Æ–6Vç6R#¢$•42 ¢ÒÀ¢&æöFUöÖöGVÆW2÷–6öÖF6‚#¢°¢'fW'6–öâ#¢#BããR"À¢'&W6öÇfVB#¢&‡GG3¢ò÷&Vv—7G'’æçÖ§2æ÷&r÷–6öÖF6‚òÒ÷–6öÖF6‚ÓBããRçFw¢"À¢&–çFVw&—G’#¢'6†S"Õ'gwv7'Tæ¤“æ5CW…&¶W•3”Æc†Æ4—Gc3D´B¶–bµdƒ–¶GT–e”&—vƒ##sG‡FVä•£’õ#”&ED&†tu6ƒÓÒ"À¢&Æ–6Vç6R#¢$Ô•B"À¢&Væv–æW2#¢°¢&æöFR#¢#ãÓ" ¢ÒÀ¢&gVæF–ær#¢°¢'W&Â#¢&‡GG3¢òöv—F‡V"æ6öÒ÷7öç6÷'2ö¦öç66†Æ–æ¶W'B ¢Ð¢ÒÀ¢&æöFUöÖöGVÆW2÷÷7F772#¢°¢'fW'6–öâ#¢#‚ãRã#R"À¢'&W6öÇfVB#¢&‡GG3¢ò÷&Vv—7G'’æçÖ§2æ÷&r÷÷7F772òÒ÷÷7F772Ó‚ãRã#RçFw¢"À¢&–çFVw&—G’#¢'6†S"ÔEEƒ5%u56åw—¤Ç…æÄƒ$¥´UsVV¶Ãe¥SB÷6$–„SS6´¦fFvãWd´Ò·…w”§E…gR¶æfEdfÖÆtdDT´SE—sÓÒ"À¢&gVæF–ær#¢°¢°¢'G—R#¢&÷Væ6öÆÆV7F—fR"À¢'W&Â#¢&‡GG3¢òö÷Væ6öÆÆV7F—fRæ6öÒ÷÷7F772ò ¢ÒÀ¢°¢'G—R#¢'F–FVÆ–gB"À¢'W&Â#¢&‡GG3¢ò÷F–FVÆ–gBæ6öÒögVæF–æröv—F‡V"öçÒ÷÷7F772 ¢ÒÀ¢°¢'G—R#¢&v—F‡V""À¢'W&Â#¢&‡GG3¢òöv—F‡V"æ6öÒ÷7öç6÷'2ö’ ¢Ð¢ÒÀ¢&Æ–6Vç6R#¢$Ô•B"À¢&FWVæFVæ6–W2#¢°¢&ææö–B#¢%ã2ã2ãb"À¢'–6ö6öÆ÷'2#¢%ããã"À¢'6÷W&6RÖÖÖ§2#¢%ãã"ã ¢ÒÀ¢&Væv–æW2#¢°¢&æöFR#¢%ãÇÂã"ÇÂãÓB ¢Ð¢ÒÀ¢&æöFUöÖöGVÆW2÷&V7B#¢°¢'fW'6–öâ#¢#’ã"ã‚"À¢'&W6öÇfVB#¢&‡GG3¢ò÷&Vv—7G'’æçÖ§2æ÷&r÷&V7BòÒ÷&V7BÓ’ã"ã‚çFw¢"À¢&–çFVw&—G’#¢'6†S"Õv”Â÷—S'Sw…•’µ“4Ã5–fæ–Su‡”ÆV¤”5cÔtCdÇ'4'†4v¥——#U“7µG4·‚ô—&·CE–c„Cc2µ6'sÓÒ"À¢&Æ–6Vç6R#¢$Ô•B"À¢&Væv–æW2#¢°¢&æöFR#¢#ãÓãã ¢Ð¢ÒÀ¢&æöFUöÖöGVÆW2÷&V7BÖFöÒ#¢°¢'fW'6–öâ#¢#’ã"ã‚"À¢'&W6öÇfVB#¢&‡GG3¢ò÷&Vv—7G'’æçÖ§2æ÷&r÷&V7BÖFöÒòÒ÷&V7BÖFöÒÓ’ã"ã‚çFw¢"À¢&–çFVw&—G’#¢'6†S"×%g&–Ödt$s4E"µG•s$ECU„·Fƒt”tFÖ£W•ÖÇ§#E”&SwW”R´GSFõgDE…¥4„ttu…'ED¤Tu56U•4Ô&vÅÓÒ"À¢&Æ–6Vç6R#¢$Ô•B"À¢&FWVæFVæ6–W2#¢°¢'66†VGVÆW"#¢%ãã#rã ¢ÒÀ¢'VW$FWVæFVæ6–W2#¢°¢'&V7B#¢%ã’ã"ã‚ ¢Ð¢ÒÀ¢&æöFUöÖöGVÆW2÷&V7BÖ†öö²Öf÷&Ò#¢°¢'fW'6–öâ#¢#rãƒBã"À¢'&W6öÇfVB#¢&‡GG3¢ò÷&Vv—7G'’æçÖ§2æ÷&r÷&V7BÖ†öö²Öf÷&ÒòÒ÷&V7BÖ†öö²Öf÷&ÒÓrãƒBãçFw¢"À¢&–çFVw&—G’#¢'6†S"Ò¶…wedtÆ6óSfÔGw&%SE†ä†—ƒ‡C£“ÇE§4D—%$VÂ¶¦åe…”Åƒ†ô§Rõ†ã†ä‡Öõ…E“TÓfôU‡$†%WdåÓÒ"À¢&Æ–6Vç6R#¢$Ô•B"À¢&Væv–æW2#¢°¢&æöFR#¢#ãÓ‚ãã ¢ÒÀ¢&gVæF–ær#¢°¢'G—R#¢&÷Væ6öÆÆV7F—fR"À¢'W&Â#¢&‡GG3¢òö÷Væ6öÆÆV7F—fRæ6öÒ÷&V7BÖ†öö²Öf÷&Ò ¢ÒÀ¢'VW$FWVæFVæ6–W2#¢°¢'&V7B#¢%ãbã‚ãÇÂãrÇÂã‚ÇÂã’ ¢Ð¢ÒÀ¢&æöFUöÖöGVÆW2÷&V7B×&÷WFW"#¢°¢'fW'6–öâ#¢#rã‚ã""À¢'&W6öÇfVB#¢&‡GG3¢ò÷&Vv—7G'’æçÖ§2æ÷&r÷&V7B×&÷WFW"òÒ÷&V7B×&÷WFW"Órã‚ã"çFw¢"À¢&–çFVw&—G’#¢'6†S"ÖUdÖ¤fÓ4tEE¤Ãvõ—#TStUF—e4…$Ä‚´"³Vfä”7fc#v¶´³FU#e4×Wv%5D§rówB³&¶…Bô¶†–£C–gô4–sÓÒ"À¢&Æ–6Vç6R#¢$Ô•B"À¢&FWVæFVæ6–W2#¢°¢&6öö¶–R#¢%ããã"À¢'6WBÖ6öö¶–R×'6W"#¢%ã"ãbã ¢ÒÀ¢&Væv–æW2#¢°¢&æöFR#¢#ãÓ#ãã ¢ÒÀ¢'VW$FWVæFVæ6–W2#¢°¢'&V7B#¢#ãÓ‚"À¢'&V7BÖFöÒ#¢#ãÓ‚ ¢ÒÀ¢'VW$FWVæFVæ6–W4ÖWF#¢°¢'&V7BÖFöÒ#¢°¢&÷F–öæÂ#¢G'VP¢Ð¢Ð¢ÒÀ¢&æöFUöÖöGVÆW2÷&V7B×&÷WFW"ÖFöÒ#¢°¢'fW'6–öâ#¢#rã‚ã""À¢'&W6öÇfVB#¢&‡GG3¢ò÷&Vv—7G'’æçÖ§2æ÷&r÷&V7B×&÷WFW"ÖFöÒòÒ÷&V7B×&÷WFW"ÖFöÒÓrã‚ã"çFw¢"À¢&–çFVw&—G’#¢'6†S"Ô”´¢ö¦tvÄf#4V&d5†³Tw§6†—wB¶Ã6×$7$æ¦ÔUtÔÖ§„ä£77d&f&w¤g”43%7s5$etc¶s7Uc$ôf‡†#†‡sÓÒ"À¢&Æ–6Vç6R#¢$Ô•B"À¢&FWVæFVæ6–W2#¢°¢'&V7B×&÷WFW"#¢#rã‚ã" ¢ÒÀ¢&Væv–æW2#¢°¢&æöFR#¢#ãÓ#ãã ¢ÒÀ¢'VW$FWVæFVæ6–W2#¢°¢'&V7B#¢#ãÓ‚"À¢'&V7BÖFöÒ#¢#ãÓ‚ ¢Ð¢ÒÀ¢&æöFUöÖöGVÆW2÷&öÆÆF÷vâ#¢°¢'fW'6–öâ#¢#ã"ã"À¢'&W6öÇfVB#¢&‡GG3¢ò÷&Vv—7G'’æçÖ§2æ÷&r÷&öÆÆF÷vâòÒ÷&öÆÆF÷vâÓã"ãçFw¢"À¢&–çFVw&—G’#¢'6†S"ÓDd´¦†s†C4ö—•ôe†ôdgs’ôöõ‚µg4‡§T76G4•¦ôô'$³“vÃS•”²õ¢¶väFVÃCV&t¥¤³6÷¤‚ó–$7WsÓÒ"À¢&Æ–6Vç6R#¢$Ô•B"À¢&FWVæFVæ6–W2#¢°¢$÷†2×&ö¦V7B÷G—W2#¢#ÓãC"ã"À¢$&öÆÆF÷vâ÷ÇVv–çWF–Ç2#¢%ããã ¢ÒÀ¢&&–â#¢°¢'&öÆÆF÷vâ#¢&&–âö6Æ’æÖ§2 ¢ÒÀ¢&Væv–æW2#¢°¢&æöFR#¢%ã#ã’ãÇÂãÓ#"ã"ã ¢ÒÀ¢&÷F–öæÄFWVæFVæ6–W2#¢°¢$&öÆÆF÷vâö&–æF–ærÖæG&ö–BÖ&ÓcB#¢#ã"ã"À¢$&öÆÆF÷vâö&–æF–ærÖF'v–âÖ&ÓcB#¢#ã"ã"À¢$&öÆÆF÷vâö&–æF–ærÖF'v–â×ƒcB#¢#ã"ã"À¢$&öÆÆF÷vâö&–æF–ærÖg&VV'6B×ƒcB#¢#ã"ã"À¢$&öÆÆF÷vâö&–æF–ærÖÆ–çW‚Ö&ÒÖvçVV&–†b#¢#ã"ã"À¢$&öÆÆF÷vâö&–æF–ærÖÆ–çW‚Ö&ÓcBÖvçR#¢#ã"ã"À¢$&öÆÆF÷vâö&–æF–ærÖÆ–çW‚Ö&ÓcBÖ×W6Â#¢#ã"ã"À¢$&öÆÆF÷vâö&–æF–ærÖÆ–çW‚×3cBÖvçR#¢#ã"ã"À¢$&öÆÆF÷vâö&–æF–ærÖÆ–çW‚×33“‚ÖvçR#¢#ã"ã"À¢$&öÆÆF÷vâö&–æF–ærÖÆ–çW‚×ƒcBÖvçR#¢#ã"ã"À¢$&öÆÆF÷vâö&–æF–ærÖÆ–çW‚×ƒcBÖ×W6Â#¢#ã"ã"À¢$&öÆÆF÷vâö&–æF–ærÖ÷Væ†&Ööç’Ö&ÓcB#¢#ã"ã"À¢$&öÆÆF÷vâö&–æF–ær×v6Ó3"×v6’#¢#ã"ã"À¢$&öÆÆF÷vâö&–æF–ær×v–ã3"Ö&ÓcBÖ×7f2#¢#ã"ã"À¢$&öÆÆF÷vâö&–æF–ær×v–ã3"×ƒcBÖ×7f2#¢#ã"ã ¢Ð¢ÒÀ¢&æöFUöÖöGVÆW2÷66†VGVÆW"#¢°¢'fW'6–öâ#¢#ã#rã"À¢'&W6öÇfVB#¢&‡GG3¢ò÷&Vv—7G'’æçÖ§2æ÷&r÷66†VGVÆW"òÒ÷66†VGVÆW"Óã#rãçFw¢"À¢&–çFVw&—G’#¢'6†S"ÖTçbµw%f$·Sc7f%”¥B÷‡F”cW7”T…”×Fc”–u’öä¶s5w¤TWg’÷†Ótö5¦2÷dÇ‚ö”ó”ftöÖU4GcWF’õÓÒ"À¢&Æ–6Vç6R#¢$Ô•B ¢ÒÀ¢&æöFUöÖöGVÆW2÷6WBÖ6öö¶–R×'6W"#¢°¢'fW'6–öâ#¢#"ãrã""À¢'&W6öÇfVB#¢&‡GG3¢ò÷&Vv—7G'’æçÖ§2æ÷&r÷6WBÖ6öö¶–R×'6W"òÒ÷6WBÖ6öö¶–R×'6W"Ó"ãrã"çFw¢"À¢&–çFVw&—G’#¢'6†S"ÖöTÓÇRõWf…G‡r¶s64–g…„‡”¥&2÷V–FC7”³#C&w¤†G3VE%—§37“†£Ft45rµ¤£vC–7FÆC…%”ò¶&GW&ÇgsÓÒ"À¢&Æ–6Vç6R#¢$Ô•B ¢ÒÀ¢&æöFUöÖöGVÆW2÷6÷W&6RÖÖÖ§2#¢°¢'fW'6–öâ#¢#ã"ã"À¢'&W6öÇfVB#¢&‡GG3¢ò÷&Vv—7G'’æçÖ§2æ÷&r÷6÷W&6RÖÖÖ§2òÒ÷6÷W&6RÖÖÖ§2Óã"ãçFw¢"À¢&–çFVw&—G’#¢'6†S"ÕU…tÔ¶„Ä÷ud¶#s#„•WE‡†e•R·W6G–'EW$²ó‡TtS„5×g&„÷wg¤D'v£…4ÃtÕ3wd—4•4$s…e‚´”E‡eÓÒ"À¢&Æ–6Vç6R#¢$%4BÓ2Ô6ÆW6R"À¢&Væv–æW2#¢°¢&æöFR#¢#ãÓãã ¢Ð¢ÒÀ¢&æöFUöÖöGVÆW2÷F–Çv–æF772#¢°¢'fW'6–öâ#¢#Bã2ã2"À¢'&W6öÇfVB#¢&‡GG3¢ò÷&Vv—7G'’æçÖ§2æ÷&r÷F–Çv–æF772òÒ÷F–Çv–æF772ÓBã2ã2çFw¢"À¢&–çFVw&—G’#¢'6†S"Ötö…c5wVdSc%Dvs¥fFt5"´WEc“&³&ä–…f5d¶4Æ×…C5T'5v†å¦£sV¢´×'CG¤Äcv–2·45–¦f‡„×†£u•ÓÒ"À¢&Æ–6Vç6R#¢$Ô•B ¢ÒÀ¢&æöFUöÖöGVÆW2÷F&ÆR#¢°¢'fW'6–öâ#¢#"ã2ã2"À¢'&W6öÇfVB#¢&‡GG3¢ò÷&Vv—7G'’æçÖ§2æ÷&r÷F&ÆRòÒ÷F&ÆRÓ"ã2ã2çFw¢"À¢&–çFVw&—G’#¢'6†S"×W†2÷§fsgƒt3‡dôSvÆƒdÆ&F†TTÃ—¦ÕfÒõÆUE%&†ƒ„6vEv´£5V–Tw–fÓ$†GG5W'b´‡6†–4$Ö63dÓÒ"À¢&Æ–6Vç6R#¢$Ô•B"À¢&Væv–æW2#¢°¢&æöFR#¢#ãÓb ¢ÒÀ¢&gVæF–ær#¢°¢'G—R#¢&÷Væ6öÆÆV7F—fR"À¢'W&Â#¢&‡GG3¢òö÷Væ6öÆÆV7F—fRæ6öÒ÷vV'6² ¢Ð¢ÒÀ¢&æöFUöÖöGVÆW2÷F–ç–vÆö&'’#¢°¢'fW'6–öâ#¢#ã"ãr"À¢'&W6öÇfVB#¢&‡GG3¢ò÷&Vv—7G'’æçÖ§2æ÷&r÷F–ç–vÆö&'’òÒ÷F–ç–vÆö&'’Óã"ãrçFw¢"À¢&–çFVw&—G’#¢'6†S"×u…"öE—7¶ÖewVE¦¦”´¤÷t4äfæDCDÖç%rö5–¥dwGDV´&efv4Äd†ôç&Æ£CvÖ¤õf–3——”çScVÇ6tcDå•F&sÓÒ"À¢&Æ–6Vç6R#¢$Ô•B"À¢&FWVæFVæ6–W2#¢°¢&fF—"#¢%ãbãRã"À¢'–6öÖF6‚#¢%ãBããB ¢ÒÀ¢&Væv–æW2#¢°¢&æöFR#¢#ãÓ"ãã ¢ÒÀ¢&gVæF–ær#¢°¢'W&Â#¢&‡GG3¢òöv—F‡V"æ6öÒ÷7öç6÷'2õ7WW&6‡WTFWb ¢Ð¢ÒÀ¢&æöFUöÖöGVÆW2÷G6Æ–"#¢°¢'fW'6–öâ#¢#"ã‚ã"À¢'&W6öÇfVB#¢&‡GG3¢ò÷&Vv—7G'’æçÖ§2æ÷&r÷G6Æ–"òÒ÷G6Æ–"Ó"ã‚ãçFw¢"À¢&–çFVw&—G’#¢'6†S"Öô¤gS“D…"´µfGU5UÃwvç×æfÔÇ4ôöäƒf#dTƒt4Vô³öÕU…Sf37t´Ecƒ4Ö´÷T…$‡E5„´µS“””&¥2ó'sÓÒ"À¢&Æ–6Vç6R#¢#%4B ¢ÒÀ¢&æöFUöÖöGVÆW2÷G—W67&—B#¢°¢'fW'6–öâ#¢#bãã2"À¢'&W6öÇfVB#¢&‡GG3¢ò÷&Vv—7G'’æçÖ§2æ÷&r÷G—W67&—BòÒ÷G—W67&—BÓbãã2çFw¢"À¢&–çFVw&—G’#¢'6†S"×“%GgW…5¥G•¶´e%¤„´fÒ´´µg–—6Fs’ô5§vÓ–gGdµ„Å„å%v£3‚ôôF¤æ'#C576õ‡çT—4VcvD7‡v6D'sÓÒ"À¢&FWb#¢G'VRÀ¢&Æ–6Vç6R#¢$6†RÓ"ã"À¢&&–â#¢°¢'G62#¢&&–â÷G62"À¢'G76W'fW"#¢&&–â÷G76W'fW" ¢ÒÀ¢&Væv–æW2#¢°¢&æöFR#¢#ãÓBãr ¢Ð¢ÒÀ¢&æöFUöÖöGVÆW2÷VæF–6’×G—W2#¢°¢'fW'6–öâ#¢#rã‚ã""À¢'&W6öÇfVB#¢&‡GG3¢ò÷&Vv—7G'’æçÖ§2æ÷&r÷VæF–6’×G—W2òÒ÷VæF–6’×G—W2Órã‚ã"çFw¢"À¢&–çFVw&—G’#¢'6†S"Ô7T7¦fdt„§–%6'&×#VT‡#ƒ×t¥S6¶§sdÒ·W%wd5†”æTã•4ôwu4¦ã†¦#†Ó5£f—¥fv¶æã#eD4T%$Å’÷sÓÒ"À¢&FWd÷F–öæÂ#¢G'VRÀ¢&Æ–6Vç6R#¢$Ô•B ¢ÒÀ¢&æöFUöÖöGVÆW2÷f—FR#¢°¢'fW'6–öâ#¢#‚ã"ã"À¢'&W6öÇfVB#¢&‡GG3¢ò÷&Vv—7G'’æçÖ§2æ÷&r÷f—FRòÒ÷f—FRÓ‚ã"ãçFw¢"À¢&–çFVw&—G’#¢'6†S"×â´4gÓÇtFT·vÔ÷¦$²ó—6¦÷%¦6w†¶“dÖ%’ö¥UfC—f–6„–ÆÖÄCD†ÕWvETVw4e&4'„Ô3wTTv3fÅÓÒ"À¢&Æ–6Vç6R#¢$Ô•B"À¢&FWVæFVæ6–W2#¢°¢&Æ–v‡Fæ–æv772#¢%ãã32ã"À¢'–6öÖF6‚#¢%ãBããR"À¢'÷7F772#¢%ã‚ãRã#2"À¢'&öÆÆF÷vâ#¢'ãã"ã"À¢'F–ç–vÆö&'’#¢%ãã"ãr ¢ÒÀ¢&&–â#¢°¢'f—FR#¢&&–â÷f—FRæ§2 ¢ÒÀ¢&Væv–æW2#¢°¢&æöFR#¢%ã#ã’ãÇÂãÓ#"ã"ã ¢ÒÀ¢&gVæF–ær#¢°¢'W&Â#¢&‡GG3¢òöv—F‡V"æ6öÒ÷f—FV§2÷f—FS÷7öç6÷#Ó ¢ÒÀ¢&÷F–öæÄFWVæFVæ6–W2#¢°¢&g6WfVçG2#¢'ã"ã2ã2 ¢ÒÀ¢'VW$FWVæFVæ6–W2#¢°¢$G—W2öæöFR#¢%ã#ã’ãÇÂãÓ#"ã"ã"À¢$f—FV§2öFWgFööÇ2#¢%ããBã"À¢&W6'V–ÆB#¢%ãã#rãÇÂãã#‚ã"À¢&¦—F’#¢#ãÓã#ã"À¢&ÆW72#¢%ãBãã"À¢'672#¢%ããsã"À¢'672ÖVÖ&VFFVB#¢%ããsã"À¢'7G–ÇW2#¢#ãÓãSBã‚"À¢'7Vv'72#¢%ãRãã"À¢'FW'6W"#¢%ãRãbã"À¢'G7‚#¢%ãBã‚ã"À¢'–ÖÂ#¢%ã"ãBã" ¢ÒÀ¢'VW$FWVæFVæ6–W4ÖWF#¢°¢$G—W2öæöFR#¢°¢&÷F–öæÂ#¢G'VP¢ÒÀ¢$f—FV§2öFWgFööÇ2#¢°¢&÷F–öæÂ#¢G'VP¢ÒÀ¢&W6'V–ÆB#¢°¢&÷F–öæÂ#¢G'VP¢ÒÀ¢&¦—F’#¢°¢&÷F–öæÂ#¢G'VP¢ÒÀ¢&ÆW72#¢°¢&÷F–öæÂ#¢G'VP¢ÒÀ¢'672#¢°¢&÷F–öæÂ#¢G'VP¢ÒÀ¢'672ÖVÖ&VFFVB#¢°¢&÷F–öæÂ#¢G'VP¢ÒÀ¢'7G–ÇW2#¢°¢&÷F–öæÂ#¢G'VP¢ÒÀ¢'7Vv'72#¢°¢&÷F–öæÂ#¢G'VP¢ÒÀ¢'FW'6W"#¢°¢&÷F–öæÂ#¢G'VP¢ÒÀ¢'G7‚#¢°¢&÷F–öæÂ#¢G'VP¢ÒÀ¢'–ÖÂ#¢°¢&÷F–öæÂ#¢G'VP¢Ð¢Ð¢ÒÀ¢&æöFUöÖöGVÆW2÷¦öB#¢°¢'fW'6–öâ#¢#BãBã2"À¢'&W6öÇfVB#¢&‡GG3¢ò÷&Vv—7G'’æçÖ§2æ÷&r÷¦öBòÒ÷¦öBÓBãBã2çFw¢"À¢&–çFVw&—G’#¢'6†S"×—DTäf¤”¤fÃ%Wu–vÆFS&¦6…s$‡vÓDt¤dÄF•5…vEG$¥$”ã”f7—vãDF‡„¤V•tä¤Õcô'verö¶¶ssTF4„§•EÓÒ"À¢&Æ–6Vç6R#¢$Ô•B"À¢&gVæF–ær#¢°¢'W&Â#¢&‡GG3¢òöv—F‡V"æ6öÒ÷7öç6÷'2ö6öÆ–æ†6·2 ¢Ð¢Ð¢Ð§Ð